// !$*UTF8*$!
{
	archiveVersion = 1;
	classes = {
	};
	objectVersion = 46;
	objects = {

/* Begin PBXBuildFile section */
		4502B67D1D90450100E2356B /* AppDelegate.swift in Sources */ = {isa = PBXBuildFile; fileRef = 4502B67C1D90450100E2356B /* AppDelegate.swift */; };
		4502B67F1D90450100E2356B /* ViewController.swift in Sources */ = {isa = PBXBuildFile; fileRef = 4502B67E1D90450100E2356B /* ViewController.swift */; };
		4502B6821D90450100E2356B /* Main.storyboard in Resources */ = {isa = PBXBuildFile; fileRef = 4502B6801D90450100E2356B /* Main.storyboard */; };
		4502B6871D90450100E2356B /* LaunchScreen.storyboard in Resources */ = {isa = PBXBuildFile; fileRef = 4502B6851D90450100E2356B /* LaunchScreen.storyboard */; };
		4502B6921D90450100E2356B /* GPkeyTests.swift in Sources */ = {isa = PBXBuildFile; fileRef = 4502B6911D90450100E2356B /* GPkeyTests.swift */; };
		4502B69D1D90450100E2356B /* GPkeyUITests.swift in Sources */ = {isa = PBXBuildFile; fileRef = 4502B69C1D90450100E2356B /* GPkeyUITests.swift */; };
		4502B6B11D90455300E2356B /* KeyboardViewController.swift in Sources */ = {isa = PBXBuildFile; fileRef = 4502B6B01D90455300E2356B /* KeyboardViewController.swift */; };
		4502B6B51D90455300E2356B /* GPKeyboard.appex in Embed App Extensions */ = {isa = PBXBuildFile; fileRef = 4502B6AE1D90455300E2356B /* GPKeyboard.appex */; settings = {ATTRIBUTES = (RemoveHeadersOnCopy, ); }; };
		451C5C761DB8181900FDE501 /* StoreKit.framework in Frameworks */ = {isa = PBXBuildFile; fileRef = 451C5C751DB8181900FDE501 /* StoreKit.framework */; };
		453982661E3014940053783A /* LICENCE.txt in Resources */ = {isa = PBXBuildFile; fileRef = 453982651E3014940053783A /* LICENCE.txt */; };
		453982671E3014940053783A /* LICENCE.txt in Resources */ = {isa = PBXBuildFile; fileRef = 453982651E3014940053783A /* LICENCE.txt */; };
		4579B6031DAC20B000B57202 /* BWWalkthroughPageViewController.swift in Sources */ = {isa = PBXBuildFile; fileRef = 4579B6011DAC20B000B57202 /* BWWalkthroughPageViewController.swift */; };
		4579B6041DAC20B000B57202 /* BWWalkthroughViewController.swift in Sources */ = {isa = PBXBuildFile; fileRef = 4579B6021DAC20B000B57202 /* BWWalkthroughViewController.swift */; };
		4579B6271DB1877C00B57202 /* keyboard.xcassets in Resources */ = {isa = PBXBuildFile; fileRef = 4579B6261DB1877C00B57202 /* keyboard.xcassets */; };
		4579B62B1DB1880E00B57202 /* Assets.xcassets in Resources */ = {isa = PBXBuildFile; fileRef = 4579B62A1DB1880E00B57202 /* Assets.xcassets */; };
		45C86EF81DC8A83C003B7B51 /* AboutVC.swift in Sources */ = {isa = PBXBuildFile; fileRef = 45C86EF71DC8A83C003B7B51 /* AboutVC.swift */; };
		45C86EFC1DC8BBD7003B7B51 /* SoundVC.swift in Sources */ = {isa = PBXBuildFile; fileRef = 45C86EFB1DC8BBD7003B7B51 /* SoundVC.swift */; };
		45C86EFE1DC8C81B003B7B51 /* InstallationVC.swift in Sources */ = {isa = PBXBuildFile; fileRef = 45C86EFD1DC8C81B003B7B51 /* InstallationVC.swift */; };
		45EB1B5A1DA02981005DA706 /* String.swift in Sources */ = {isa = PBXBuildFile; fileRef = 45EB1B591DA02981005DA706 /* String.swift */; };
/* End PBXBuildFile section */

/* Begin PBXContainerItemProxy section */
		4502B68E1D90450100E2356B /* PBXContainerItemProxy */ = {
			isa = PBXContainerItemProxy;
			containerPortal = 4502B6711D90450100E2356B /* Project object */;
			proxyType = 1;
			remoteGlobalIDString = 4502B6781D90450100E2356B;
			remoteInfo = GPkey;
		};
		4502B6991D90450100E2356B /* PBXContainerItemProxy */ = {
			isa = PBXContainerItemProxy;
			containerPortal = 4502B6711D90450100E2356B /* Project object */;
			proxyType = 1;
			remoteGlobalIDString = 4502B6781D90450100E2356B;
			remoteInfo = GPkey;
		};
		4502B6B31D90455300E2356B /* PBXContainerItemProxy */ = {
			isa = PBXContainerItemProxy;
			containerPortal = 4502B6711D90450100E2356B /* Project object */;
			proxyType = 1;
			remoteGlobalIDString = 4502B6AD1D90455300E2356B;
			remoteInfo = GPKeyboard;
		};
/* End PBXContainerItemProxy section */

/* Begin PBXCopyFilesBuildPhase section */
		4502B6B91D90455300E2356B /* Embed App Extensions */ = {
			isa = PBXCopyFilesBuildPhase;
			buildActionMask = 2147483647;
			dstPath = "";
			dstSubfolderSpec = 13;
			files = (
				4502B6B51D90455300E2356B /* GPKeyboard.appex in Embed App Extensions */,
			);
			name = "Embed App Extensions";
			runOnlyForDeploymentPostprocessing = 0;
		};
/* End PBXCopyFilesBuildPhase section */

/* Begin PBXFileReference section */
		4502B6791D90450100E2356B /* GPkey.app */ = {isa = PBXFileReference; explicitFileType = wrapper.application; includeInIndex = 0; path = GPkey.app; sourceTree = BUILT_PRODUCTS_DIR; };
		4502B67C1D90450100E2356B /* AppDelegate.swift */ = {isa = PBXFileReference; lastKnownFileType = sourcecode.swift; path = AppDelegate.swift; sourceTree = "<group>"; };
		4502B67E1D90450100E2356B /* ViewController.swift */ = {isa = PBXFileReference; lastKnownFileType = sourcecode.swift; path = ViewController.swift; sourceTree = "<group>"; };
		4502B6811D90450100E2356B /* Base */ = {isa = PBXFileReference; lastKnownFileType = file.storyboard; name = Base; path = Base.lproj/Main.storyboard; sourceTree = "<group>"; };
		4502B6861D90450100E2356B /* Base */ = {isa = PBXFileReference; lastKnownFileType = file.storyboard; name = Base; path = Base.lproj/LaunchScreen.storyboard; sourceTree = "<group>"; };
		4502B6881D90450100E2356B /* Info.plist */ = {isa = PBXFileReference; lastKnownFileType = text.plist.xml; path = Info.plist; sourceTree = "<group>"; };
		4502B68D1D90450100E2356B /* GPkeyTests.xctest */ = {isa = PBXFileReference; explicitFileType = wrapper.cfbundle; includeInIndex = 0; path = GPkeyTests.xctest; sourceTree = BUILT_PRODUCTS_DIR; };
		4502B6911D90450100E2356B /* GPkeyTests.swift */ = {isa = PBXFileReference; lastKnownFileType = sourcecode.swift; path = GPkeyTests.swift; sourceTree = "<group>"; };
		4502B6931D90450100E2356B /* Info.plist */ = {isa = PBXFileReference; lastKnownFileType = text.plist.xml; path = Info.plist; sourceTree = "<group>"; };
		4502B6981D90450100E2356B /* GPkeyUITests.xctest */ = {isa = PBXFileReference; explicitFileType = wrapper.cfbundle; includeInIndex = 0; path = GPkeyUITests.xctest; sourceTree = BUILT_PRODUCTS_DIR; };
		4502B69C1D90450100E2356B /* GPkeyUITests.swift */ = {isa = PBXFileReference; lastKnownFileType = sourcecode.swift; path = GPkeyUITests.swift; sourceTree = "<group>"; };
		4502B69E1D90450200E2356B /* Info.plist */ = {isa = PBXFileReference; lastKnownFileType = text.plist.xml; path = Info.plist; sourceTree = "<group>"; };
		4502B6AE1D90455300E2356B /* GPKeyboard.appex */ = {isa = PBXFileReference; explicitFileType = "wrapper.app-extension"; includeInIndex = 0; path = GPKeyboard.appex; sourceTree = BUILT_PRODUCTS_DIR; };
		4502B6B01D90455300E2356B /* KeyboardViewController.swift */ = {isa = PBXFileReference; lastKnownFileType = sourcecode.swift; path = KeyboardViewController.swift; sourceTree = "<group>"; };
		4502B6B21D90455300E2356B /* Info.plist */ = {isa = PBXFileReference; lastKnownFileType = text.plist.xml; path = Info.plist; sourceTree = "<group>"; };
		451C5C751DB8181900FDE501 /* StoreKit.framework */ = {isa = PBXFileReference; lastKnownFileType = wrapper.framework; name = StoreKit.framework; path = System/Library/Frameworks/StoreKit.framework; sourceTree = SDKROOT; };
		451C5C771DB8196C00FDE501 /* GPkey.entitlements */ = {isa = PBXFileReference; fileEncoding = 4; lastKnownFileType = text.plist.entitlements; path = GPkey.entitlements; sourceTree = "<group>"; };
		451C5C781DB8197E00FDE501 /* GPKeyboard.entitlements */ = {isa = PBXFileReference; fileEncoding = 4; lastKnownFileType = text.plist.entitlements; path = GPKeyboard.entitlements; sourceTree = "<group>"; };
		453982651E3014940053783A /* LICENCE.txt */ = {isa = PBXFileReference; fileEncoding = 4; lastKnownFileType = text; path = LICENCE.txt; sourceTree = "<group>"; };
		4579B6011DAC20B000B57202 /* BWWalkthroughPageViewController.swift */ = {isa = PBXFileReference; fileEncoding = 4; lastKnownFileType = sourcecode.swift; path = BWWalkthroughPageViewController.swift; sourceTree = "<group>"; };
		4579B6021DAC20B000B57202 /* BWWalkthroughViewController.swift */ = {isa = PBXFileReference; fileEncoding = 4; lastKnownFileType = sourcecode.swift; path = BWWalkthroughViewController.swift; sourceTree = "<group>"; };
		4579B6261DB1877C00B57202 /* keyboard.xcassets */ = {isa = PBXFileReference; lastKnownFileType = folder.assetcatalog; path = keyboard.xcassets; sourceTree = "<group>"; };
		4579B62A1DB1880E00B57202 /* Assets.xcassets */ = {isa = PBXFileReference; lastKnownFileType = folder.assetcatalog; path = Assets.xcassets; sourceTree = "<group>"; };
		45C86EF71DC8A83C003B7B51 /* AboutVC.swift */ = {isa = PBXFileReference; fileEncoding = 4; lastKnownFileType = sourcecode.swift; path = AboutVC.swift; sourceTree = "<group>"; };
		45C86EFB1DC8BBD7003B7B51 /* SoundVC.swift */ = {isa = PBXFileReference; fileEncoding = 4; lastKnownFileType = sourcecode.swift; path = SoundVC.swift; sourceTree = "<group>"; };
		45C86EFD1DC8C81B003B7B51 /* InstallationVC.swift */ = {isa = PBXFileReference; fileEncoding = 4; lastKnownFileType = sourcecode.swift; path = InstallationVC.swift; sourceTree = "<group>"; };
		45EB1B591DA02981005DA706 /* String.swift */ = {isa = PBXFileReference; fileEncoding = 4; lastKnownFileType = sourcecode.swift; name = String.swift; path = ../String.swift; sourceTree = "<group>"; };
/* End PBXFileReference section */

/* Begin PBXFrameworksBuildPhase section */
		4502B6761D90450100E2356B /* Frameworks */ = {
			isa = PBXFrameworksBuildPhase;
			buildActionMask = 2147483647;
			files = (
				451C5C761DB8181900FDE501 /* StoreKit.framework in Frameworks */,
			);
			runOnlyForDeploymentPostprocessing = 0;
		};
		4502B68A1D90450100E2356B /* Frameworks */ = {
			isa = PBXFrameworksBuildPhase;
			buildActionMask = 2147483647;
			files = (
			);
			runOnlyForDeploymentPostprocessing = 0;
		};
		4502B6951D90450100E2356B /* Frameworks */ = {
			isa = PBXFrameworksBuildPhase;
			buildActionMask = 2147483647;
			files = (
			);
			runOnlyForDeploymentPostprocessing = 0;
		};
		4502B6AB1D90455300E2356B /* Frameworks */ = {
			isa = PBXFrameworksBuildPhase;
			buildActionMask = 2147483647;
			files = (
			);
			runOnlyForDeploymentPostprocessing = 0;
		};
/* End PBXFrameworksBuildPhase section */

/* Begin PBXGroup section */
		4502B6701D90450100E2356B = {
			isa = PBXGroup;
			children = (
				453982651E3014940053783A /* LICENCE.txt */,
				4502B67B1D90450100E2356B /* GPkey */,
				4502B6901D90450100E2356B /* GPkeyTests */,
				4502B6AF1D90455300E2356B /* GPKeyboard */,
				4502B67A1D90450100E2356B /* Products */,
				451C5C721DB8176700FDE501 /* Frameworks */,
			);
			sourceTree = "<group>";
		};
		4502B67A1D90450100E2356B /* Products */ = {
			isa = PBXGroup;
			children = (
				4502B6791D90450100E2356B /* GPkey.app */,
				4502B68D1D90450100E2356B /* GPkeyTests.xctest */,
				4502B6981D90450100E2356B /* GPkeyUITests.xctest */,
				4502B6AE1D90455300E2356B /* GPKeyboard.appex */,
			);
			name = Products;
			sourceTree = "<group>";
		};
		4502B67B1D90450100E2356B /* GPkey */ = {
			isa = PBXGroup;
			children = (
				4502B67C1D90450100E2356B /* AppDelegate.swift */,
				4502B67E1D90450100E2356B /* ViewController.swift */,
				451C5C771DB8196C00FDE501 /* GPkey.entitlements */,
				4502B6801D90450100E2356B /* Main.storyboard */,
				45EB1B591DA02981005DA706 /* String.swift */,
				4579B62A1DB1880E00B57202 /* Assets.xcassets */,
				4579B6011DAC20B000B57202 /* BWWalkthroughPageViewController.swift */,
				4579B6021DAC20B000B57202 /* BWWalkthroughViewController.swift */,
				4502B6851D90450100E2356B /* LaunchScreen.storyboard */,
				4502B6881D90450100E2356B /* Info.plist */,
				45C86EF71DC8A83C003B7B51 /* AboutVC.swift */,
				45C86EFB1DC8BBD7003B7B51 /* SoundVC.swift */,
				45C86EFD1DC8C81B003B7B51 /* InstallationVC.swift */,
			);
			path = GPkey;
			sourceTree = "<group>";
		};
		4502B6901D90450100E2356B /* GPkeyTests */ = {
			isa = PBXGroup;
			children = (
				4502B69B1D90450100E2356B /* GPkeyUITests */,
				4502B6911D90450100E2356B /* GPkeyTests.swift */,
				4502B6931D90450100E2356B /* Info.plist */,
			);
			path = GPkeyTests;
			sourceTree = "<group>";
		};
		4502B69B1D90450100E2356B /* GPkeyUITests */ = {
			isa = PBXGroup;
			children = (
				4502B69C1D90450100E2356B /* GPkeyUITests.swift */,
				4502B69E1D90450200E2356B /* Info.plist */,
			);
			name = GPkeyUITests;
			path = ../GPkeyUITests;
			sourceTree = "<group>";
		};
		4502B6AF1D90455300E2356B /* GPKeyboard */ = {
			isa = PBXGroup;
			children = (
				4502B6B01D90455300E2356B /* KeyboardViewController.swift */,
				451C5C781DB8197E00FDE501 /* GPKeyboard.entitlements */,
				4502B6B21D90455300E2356B /* Info.plist */,
				4579B6261DB1877C00B57202 /* keyboard.xcassets */,
			);
			path = GPKeyboard;
			sourceTree = "<group>";
		};
		451C5C721DB8176700FDE501 /* Frameworks */ = {
			isa = PBXGroup;
			children = (
				451C5C751DB8181900FDE501 /* StoreKit.framework */,
			);
			name = Frameworks;
			sourceTree = "<group>";
		};
/* End PBXGroup section */

/* Begin PBXNativeTarget section */
		4502B6781D90450100E2356B /* GPkey */ = {
			isa = PBXNativeTarget;
			buildConfigurationList = 4502B6A11D90450200E2356B /* Build configuration list for PBXNativeTarget "GPkey" */;
			buildPhases = (
				4502B6751D90450100E2356B /* Sources */,
				4502B6761D90450100E2356B /* Frameworks */,
				4502B6771D90450100E2356B /* Resources */,
				4502B6B91D90455300E2356B /* Embed App Extensions */,
			);
			buildRules = (
			);
			dependencies = (
				4502B6B41D90455300E2356B /* PBXTargetDependency */,
			);
			name = GPkey;
			productName = GPkey;
			productReference = 4502B6791D90450100E2356B /* GPkey.app */;
			productType = "com.apple.product-type.application";
		};
		4502B68C1D90450100E2356B /* GPkeyTests */ = {
			isa = PBXNativeTarget;
			buildConfigurationList = 4502B6A41D90450200E2356B /* Build configuration list for PBXNativeTarget "GPkeyTests" */;
			buildPhases = (
				4502B6891D90450100E2356B /* Sources */,
				4502B68A1D90450100E2356B /* Frameworks */,
				4502B68B1D90450100E2356B /* Resources */,
			);
			buildRules = (
			);
			dependencies = (
				4502B68F1D90450100E2356B /* PBXTargetDependency */,
			);
			name = GPkeyTests;
			productName = GPkeyTests;
			productReference = 4502B68D1D90450100E2356B /* GPkeyTests.xctest */;
			productType = "com.apple.product-type.bundle.unit-test";
		};
		4502B6971D90450100E2356B /* GPkeyUITests */ = {
			isa = PBXNativeTarget;
			buildConfigurationList = 4502B6A71D90450200E2356B /* Build configuration list for PBXNativeTarget "GPkeyUITests" */;
			buildPhases = (
				4502B6941D90450100E2356B /* Sources */,
				4502B6951D90450100E2356B /* Frameworks */,
				4502B6961D90450100E2356B /* Resources */,
			);
			buildRules = (
			);
			dependencies = (
				4502B69A1D90450100E2356B /* PBXTargetDependency */,
			);
			name = GPkeyUITests;
			productName = GPkeyUITests;
			productReference = 4502B6981D90450100E2356B /* GPkeyUITests.xctest */;
			productType = "com.apple.product-type.bundle.ui-testing";
		};
		4502B6AD1D90455300E2356B /* GPKeyboard */ = {
			isa = PBXNativeTarget;
			buildConfigurationList = 4502B6B61D90455300E2356B /* Build configuration list for PBXNativeTarget "GPKeyboard" */;
			buildPhases = (
				4502B6AA1D90455300E2356B /* Sources */,
				4502B6AB1D90455300E2356B /* Frameworks */,
				4502B6AC1D90455300E2356B /* Resources */,
			);
			buildRules = (
			);
			dependencies = (
			);
			name = GPKeyboard;
			productName = GPKeyboard;
			productReference = 4502B6AE1D90455300E2356B /* GPKeyboard.appex */;
			productType = "com.apple.product-type.app-extension";
		};
/* End PBXNativeTarget section */

/* Begin PBXProject section */
		4502B6711D90450100E2356B /* Project object */ = {
			isa = PBXProject;
			attributes = {
				LastSwiftUpdateCheck = 0800;
				LastUpgradeCheck = 0820;
				ORGANIZATIONNAME = ark;
				TargetAttributes = {
					4502B6781D90450100E2356B = {
						CreatedOnToolsVersion = 8.0;
						DevelopmentTeam = 2VZS5C3SLW;
						ProvisioningStyle = Automatic;
						SystemCapabilities = {
							com.apple.ApplicationGroups.iOS = {
								enabled = 1;
							};
							com.apple.InAppPurchase = {
								enabled = 1;
							};
						};
					};
					4502B68C1D90450100E2356B = {
						CreatedOnToolsVersion = 8.0;
						DevelopmentTeam = 2VZS5C3SLW;
						ProvisioningStyle = Automatic;
						TestTargetID = 4502B6781D90450100E2356B;
					};
					4502B6971D90450100E2356B = {
						CreatedOnToolsVersion = 8.0;
						DevelopmentTeam = 4MQFLUWHXF;
						ProvisioningStyle = Automatic;
						TestTargetID = 4502B6781D90450100E2356B;
					};
					4502B6AD1D90455300E2356B = {
						CreatedOnToolsVersion = 8.0;
						DevelopmentTeam = 2VZS5C3SLW;
						ProvisioningStyle = Automatic;
						SystemCapabilities = {
							com.apple.ApplicationGroups.iOS = {
								enabled = 1;
							};
						};
					};
				};
			};
			buildConfigurationList = 4502B6741D90450100E2356B /* Build configuration list for PBXProject "GPkey" */;
			compatibilityVersion = "Xcode 3.2";
			developmentRegion = English;
			hasScannedForEncodings = 0;
			knownRegions = (
				en,
				Base,
			);
			mainGroup = 4502B6701D90450100E2356B;
			productRefGroup = 4502B67A1D90450100E2356B /* Products */;
			projectDirPath = "";
			projectRoot = "";
			targets = (
				4502B6781D90450100E2356B /* GPkey */,
				4502B68C1D90450100E2356B /* GPkeyTests */,
				4502B6971D90450100E2356B /* GPkeyUITests */,
				4502B6AD1D90455300E2356B /* GPKeyboard */,
			);
		};
/* End PBXProject section */

/* Begin PBXResourcesBuildPhase section */
		4502B6771D90450100E2356B /* Resources */ = {
			isa = PBXResourcesBuildPhase;
			buildActionMask = 2147483647;
			files = (
				453982661E3014940053783A /* LICENCE.txt in Resources */,
				4502B6871D90450100E2356B /* LaunchScreen.storyboard in Resources */,
				4579B62B1DB1880E00B57202 /* Assets.xcassets in Resources */,
				4502B6821D90450100E2356B /* Main.storyboard in Resources */,
			);
			runOnlyForDeploymentPostprocessing = 0;
		};
		4502B68B1D90450100E2356B /* Resources */ = {
			isa = PBXResourcesBuildPhase;
			buildActionMask = 2147483647;
			files = (
			);
			runOnlyForDeploymentPostprocessing = 0;
		};
		4502B6961D90450100E2356B /* Resources */ = {
			isa = PBXResourcesBuildPhase;
			buildActionMask = 2147483647;
			files = (
			);
			runOnlyForDeploymentPostprocessing = 0;
		};
		4502B6AC1D90455300E2356B /* Resources */ = {
			isa = PBXResourcesBuildPhase;
			buildActionMask = 2147483647;
			files = (
				453982671E3014940053783A /* LICENCE.txt in Resources */,
				4579B6271DB1877C00B57202 /* keyboard.xcassets in Resources */,
			);
			runOnlyForDeploymentPostprocessing = 0;
		};
/* End PBXResourcesBuildPhase section */

/* Begin PBXSourcesBuildPhase section */
		4502B6751D90450100E2356B /* Sources */ = {
			isa = PBXSourcesBuildPhase;
			buildActionMask = 2147483647;
			files = (
				45C86EFC1DC8BBD7003B7B51 /* SoundVC.swift in Sources */,
				45EB1B5A1DA02981005DA706 /* String.swift in Sources */,
				45C86EFE1DC8C81B003B7B51 /* InstallationVC.swift in Sources */,
				4579B6031DAC20B000B57202 /* BWWalkthroughPageViewController.swift in Sources */,
				45C86EF81DC8A83C003B7B51 /* AboutVC.swift in Sources */,
				4579B6041DAC20B000B57202 /* BWWalkthroughViewController.swift in Sources */,
				4502B67F1D90450100E2356B /* ViewController.swift in Sources */,
				4502B67D1D90450100E2356B /* AppDelegate.swift in Sources */,
			);
			runOnlyForDeploymentPostprocessing = 0;
		};
		4502B6891D90450100E2356B /* Sources */ = {
			isa = PBXSourcesBuildPhase;
			buildActionMask = 2147483647;
			files = (
				4502B6921D90450100E2356B /* GPkeyTests.swift in Sources */,
			);
			runOnlyForDeploymentPostprocessing = 0;
		};
		4502B6941D90450100E2356B /* Sources */ = {
			isa = PBXSourcesBuildPhase;
			buildActionMask = 2147483647;
			files = (
				4502B69D1D90450100E2356B /* GPkeyUITests.swift in Sources */,
			);
			runOnlyForDeploymentPostprocessing = 0;
		};
		4502B6AA1D90455300E2356B /* Sources */ = {
			isa = PBXSourcesBuildPhase;
			buildActionMask = 2147483647;
			files = (
				4502B6B11D90455300E2356B /* KeyboardViewController.swift in Sources */,
			);
			runOnlyForDeploymentPostprocessing = 0;
		};
/* End PBXSourcesBuildPhase section */

/* Begin PBXTargetDependency section */
		4502B68F1D90450100E2356B /* PBXTargetDependency */ = {
			isa = PBXTargetDependency;
			target = 4502B6781D90450100E2356B /* GPkey */;
			targetProxy = 4502B68E1D90450100E2356B /* PBXContainerItemProxy */;
		};
		4502B69A1D90450100E2356B /* PBXTargetDependency */ = {
			isa = PBXTargetDependency;
			target = 4502B6781D90450100E2356B /* GPkey */;
			targetProxy = 4502B6991D90450100E2356B /* PBXContainerItemProxy */;
		};
		4502B6B41D90455300E2356B /* PBXTargetDependency */ = {
			isa = PBXTargetDependency;
			target = 4502B6AD1D90455300E2356B /* GPKeyboard */;
			targetProxy = 4502B6B31D90455300E2356B /* PBXContainerItemProxy */;
		};
/* End PBXTargetDependency section */

/* Begin PBXVariantGroup section */
		4502B6801D90450100E2356B /* Main.storyboard */ = {
			isa = PBXVariantGroup;
			children = (
				4502B6811D90450100E2356B /* Base */,
			);
			name = Main.storyboard;
			sourceTree = "<group>";
		};
		4502B6851D90450100E2356B /* LaunchScreen.storyboard */ = {
			isa = PBXVariantGroup;
			children = (
				4502B6861D90450100E2356B /* Base */,
			);
			name = LaunchScreen.storyboard;
			sourceTree = "<group>";
		};
/* End PBXVariantGroup section */

/* Begin XCBuildConfiguration section */
		4502B69F1D90450200E2356B /* Debug */ = {
			isa = XCBuildConfiguration;
			buildSettings = {
				ALWAYS_SEARCH_USER_PATHS = NO;
				CLANG_ANALYZER_NONNULL = YES;
				CLANG_CXX_LANGUAGE_STANDARD = "gnu++0x";
				CLANG_CXX_LIBRARY = "libc++";
				CLANG_ENABLE_MODULES = YES;
				CLANG_ENABLE_OBJC_ARC = YES;
				CLANG_WARN_BOOL_CONVERSION = YES;
				CLANG_WARN_CONSTANT_CONVERSION = YES;
				CLANG_WARN_DIRECT_OBJC_ISA_USAGE = YES_ERROR;
				CLANG_WARN_DOCUMENTATION_COMMENTS = YES;
				CLANG_WARN_EMPTY_BODY = YES;
				CLANG_WARN_ENUM_CONVERSION = YES;
				CLANG_WARN_INFINITE_RECURSION = YES;
				CLANG_WARN_INT_CONVERSION = YES;
				CLANG_WARN_OBJC_ROOT_CLASS = YES_ERROR;
				CLANG_WARN_SUSPICIOUS_MOVE = YES;
				CLANG_WARN_SUSPICIOUS_MOVES = YES;
				CLANG_WARN_UNREACHABLE_CODE = YES;
				CLANG_WARN__DUPLICATE_METHOD_MATCH = YES;
				CODE_SIGN_IDENTITY = "iPhone Developer: sohrab.ark@gmail.com (QT5G4EYCPS)";
				"CODE_SIGN_IDENTITY[sdk=iphoneos*]" = "iPhone Developer: sohrab.ark@gmail.com (QT5G4EYCPS)";
				COPY_PHASE_STRIP = NO;
				DEBUG_INFORMATION_FORMAT = dwarf;
				ENABLE_STRICT_OBJC_MSGSEND = YES;
				ENABLE_TESTABILITY = YES;
				GCC_C_LANGUAGE_STANDARD = gnu99;
				GCC_DYNAMIC_NO_PIC = NO;
				GCC_NO_COMMON_BLOCKS = YES;
				GCC_OPTIMIZATION_LEVEL = 0;
				GCC_PREPROCESSOR_DEFINITIONS = (
					"DEBUG=1",
					"$(inherited)",
				);
				GCC_WARN_64_TO_32_BIT_CONVERSION = YES;
				GCC_WARN_ABOUT_RETURN_TYPE = YES_ERROR;
				GCC_WARN_UNDECLARED_SELECTOR = YES;
				GCC_WARN_UNINITIALIZED_AUTOS = YES_AGGRESSIVE;
				GCC_WARN_UNUSED_FUNCTION = YES;
				GCC_WARN_UNUSED_VARIABLE = YES;
				IPHONEOS_DEPLOYMENT_TARGET = 10.0;
				MTL_ENABLE_DEBUG_INFO = YES;
				ONLY_ACTIVE_ARCH = YES;
				SDKROOT = iphoneos;
				SWIFT_ACTIVE_COMPILATION_CONDITIONS = DEBUG;
				SWIFT_OPTIMIZATION_LEVEL = "-Onone";
			};
			name = Debug;
		};
		4502B6A01D90450200E2356B /* Release */ = {
			isa = XCBuildConfiguration;
			buildSettings = {
				ALWAYS_SEARCH_USER_PATHS = NO;
				CLANG_ANALYZER_NONNULL = YES;
				CLANG_CXX_LANGUAGE_STANDARD = "gnu++0x";
				CLANG_CXX_LIBRARY = "libc++";
				CLANG_ENABLE_MODULES = YES;
				CLANG_ENABLE_OBJC_ARC = YES;
				CLANG_WARN_BOOL_CONVERSION = YES;
				CLANG_WARN_CONSTANT_CONVERSION = YES;
				CLANG_WARN_DIRECT_OBJC_ISA_USAGE = YES_ERROR;
				CLANG_WARN_DOCUMENTATION_COMMENTS = YES;
				CLANG_WARN_EMPTY_BODY = YES;
				CLANG_WARN_ENUM_CONVERSION = YES;
				CLANG_WARN_INFINITE_RECURSION = YES;
				CLANG_WARN_INT_CONVERSION = YES;
				CLANG_WARN_OBJC_ROOT_CLASS = YES_ERROR;
				CLANG_WARN_SUSPICIOUS_MOVE = YES;
				CLANG_WARN_SUSPICIOUS_MOVES = YES;
				CLANG_WARN_UNREACHABLE_CODE = YES;
				CLANG_WARN__DUPLICATE_METHOD_MATCH = YES;
				CODE_SIGN_IDENTITY = "iPhone Developer: sohrab.ark@gmail.com (QT5G4EYCPS)";
				"CODE_SIGN_IDENTITY[sdk=iphoneos*]" = "iPhone Developer: sohrab.ark@gmail.com (QT5G4EYCPS)";
				COPY_PHASE_STRIP = NO;
				DEBUG_INFORMATION_FORMAT = "dwarf-with-dsym";
				ENABLE_NS_ASSERTIONS = NO;
				ENABLE_STRICT_OBJC_MSGSEND = YES;
				GCC_C_LANGUAGE_STANDARD = gnu99;
				GCC_NO_COMMON_BLOCKS = YES;
				GCC_WARN_64_TO_32_BIT_CONVERSION = YES;
				GCC_WARN_ABOUT_RETURN_TYPE = YES_ERROR;
				GCC_WARN_UNDECLARED_SELECTOR = YES;
				GCC_WARN_UNINITIALIZED_AUTOS = YES_AGGRESSIVE;
				GCC_WARN_UNUSED_FUNCTION = YES;
				GCC_WARN_UNUSED_VARIABLE = YES;
				IPHONEOS_DEPLOYMENT_TARGET = 10.0;
				MTL_ENABLE_DEBUG_INFO = NO;
				SDKROOT = iphoneos;
				SWIFT_OPTIMIZATION_LEVEL = "-Owholemodule";
				VALIDATE_PRODUCT = YES;
			};
			name = Release;
		};
		4502B6A21D90450200E2356B /* Debug */ = {
			isa = XCBuildConfiguration;
			buildSettings = {
				ALWAYS_EMBED_SWIFT_STANDARD_LIBRARIES = YES;
				ASSETCATALOG_COMPILER_APPICON_NAME = AppIcon;
				CODE_SIGN_ENTITLEMENTS = GPkey/GPkey.entitlements;
				CODE_SIGN_IDENTITY = "iPhone Developer: sohrab.ark@gmail.com (QT5G4EYCPS)";
				"CODE_SIGN_IDENTITY[sdk=iphoneos*]" = "iPhone Developer";
				DEVELOPMENT_TEAM = 2VZS5C3SLW;
				INFOPLIST_FILE = GPkey/Info.plist;
				IPHONEOS_DEPLOYMENT_TARGET = 9.2;
				LD_RUNPATH_SEARCH_PATHS = "$(inherited) @executable_path/Frameworks";
				PRODUCT_BUNDLE_IDENTIFIER = me.alirezak.gpkeyboard;
				PRODUCT_NAME = "$(TARGET_NAME)";
				SWIFT_VERSION = 3.0;
			};
			name = Debug;
		};
		4502B6A31D90450200E2356B /* Release */ = {
			isa = XCBuildConfiguration;
			buildSettings = {
				ALWAYS_EMBED_SWIFT_STANDARD_LIBRARIES = YES;
				ASSETCATALOG_COMPILER_APPICON_NAME = AppIcon;
				CODE_SIGN_ENTITLEMENTS = GPkey/GPkey.entitlements;
				CODE_SIGN_IDENTITY = "iPhone Developer: sohrab.ark@gmail.com (QT5G4EYCPS)";
				"CODE_SIGN_IDENTITY[sdk=iphoneos*]" = "iPhone Developer";
				DEVELOPMENT_TEAM = 2VZS5C3SLW;
				INFOPLIST_FILE = GPkey/Info.plist;
				IPHONEOS_DEPLOYMENT_TARGET = 9.2;
				LD_RUNPATH_SEARCH_PATHS = "$(inherited) @executable_path/Frameworks";
				PRODUCT_BUNDLE_IDENTIFIER = me.alirezak.gpkeyboard;
				PRODUCT_NAME = "$(TARGET_NAME)";
				SWIFT_VERSION = 3.0;
			};
			name = Release;
		};
		4502B6A51D90450200E2356B /* Debug */ = {
			isa = XCBuildConfiguration;
			buildSettings = {
				ALWAYS_EMBED_SWIFT_STANDARD_LIBRARIES = YES;
				BUNDLE_LOADER = "$(TEST_HOST)";
				DEVELOPMENT_TEAM = 2VZS5C3SLW;
				INFOPLIST_FILE = GPkeyTests/Info.plist;
				LD_RUNPATH_SEARCH_PATHS = "$(inherited) @executable_path/Frameworks @loader_path/Frameworks";
				PRODUCT_BUNDLE_IDENTIFIER = ark.sohrab.GPkeyTests;
				PRODUCT_NAME = "$(TARGET_NAME)";
				SWIFT_VERSION = 3.0;
				TEST_HOST = "$(BUILT_PRODUCTS_DIR)/GPkey.app/GPkey";
			};
			name = Debug;
		};
		4502B6A61D90450200E2356B /* Release */ = {
			isa = XCBuildConfiguration;
			buildSettings = {
				ALWAYS_EMBED_SWIFT_STANDARD_LIBRARIES = YES;
				BUNDLE_LOADER = "$(TEST_HOST)";
				DEVELOPMENT_TEAM = 2VZS5C3SLW;
				INFOPLIST_FILE = GPkeyTests/Info.plist;
				LD_RUNPATH_SEARCH_PATHS = "$(inherited) @executable_path/Frameworks @loader_path/Frameworks";
				PRODUCT_BUNDLE_IDENTIFIER = ark.sohrab.GPkeyTests;
				PRODUCT_NAME = "$(TARGET_NAME)";
				SWIFT_VERSION = 3.0;
				TEST_HOST = "$(BUILT_PRODUCTS_DIR)/GPkey.app/GPkey";
			};
			name = Release;
		};
		4502B6A81D90450200E2356B /* Debug */ = {
			isa = XCBuildConfiguration;
			buildSettings = {
				ALWAYS_EMBED_SWIFT_STANDARD_LIBRARIES = YES;
				DEVELOPMENT_TEAM = 4MQFLUWHXF;
				INFOPLIST_FILE = GPkeyUITests/Info.plist;
				LD_RUNPATH_SEARCH_PATHS = "$(inherited) @executable_path/Frameworks @loader_path/Frameworks";
				PRODUCT_BUNDLE_IDENTIFIER = ark.sohrab.GPkeyUITests;
				PRODUCT_NAME = "$(TARGET_NAME)";
				SWIFT_VERSION = 3.0;
				TEST_TARGET_NAME = GPkey;
			};
			name = Debug;
		};
		4502B6A91D90450200E2356B /* Release */ = {
			isa = XCBuildConfiguration;
			buildSettings = {
				ALWAYS_EMBED_SWIFT_STANDARD_LIBRARIES = YES;
				DEVELOPMENT_TEAM = 4MQFLUWHXF;
				INFOPLIST_FILE = GPkeyUITests/Info.plist;
				LD_RUNPATH_SEARCH_PATHS = "$(inherited) @executable_path/Frameworks @loader_path/Frameworks";
				PRODUCT_BUNDLE_IDENTIFIER = ark.sohrab.GPkeyUITests;
				PRODUCT_NAME = "$(TARGET_NAME)";
				SWIFT_VERSION = 3.0;
				TEST_TARGET_NAME = GPkey;
			};
			name = Release;
		};
		4502B6B71D90455300E2356B /* Debug */ = {
			isa = XCBuildConfiguration;
			buildSettings = {
				CODE_SIGN_ENTITLEMENTS = GPKeyboard/GPKeyboard.entitlements;
				CODE_SIGN_IDENTITY = "iPhone Developer: sohrab.ark@gmail.com (QT5G4EYCPS)";
				"CODE_SIGN_IDENTITY[sdk=iphoneos*]" = "iPhone Developer";
				DEVELOPMENT_TEAM = 2VZS5C3SLW;
				INFOPLIST_FILE = GPKeyboard/Info.plist;
				IPHONEOS_DEPLOYMENT_TARGET = 9.2;
				LD_RUNPATH_SEARCH_PATHS = "$(inherited) @executable_path/Frameworks @executable_path/../../Frameworks";
				PRODUCT_BUNDLE_IDENTIFIER = me.alirezak.gpkeyboard.Keyboards;
				PRODUCT_NAME = "$(TARGET_NAME)";
				SKIP_INSTALL = YES;
				SWIFT_VERSION = 3.0;
			};
			name = Debug;
		};
		4502B6B81D90455300E2356B /* Release */ = {
			isa = XCBuildConfiguration;
			buildSettings = {
				CODE_SIGN_ENTITLEMENTS = GPKeyboard/GPKeyboard.entitlements;
				CODE_SIGN_IDENTITY = "iPhone Developer: sohrab.ark@gmail.com (QT5G4EYCPS)";
				"CODE_SIGN_IDENTITY[sdk=iphoneos*]" = "iPhone Developer";
				DEVELOPMENT_TEAM = 2VZS5C3SLW;
				INFOPLIST_FILE = GPKeyboard/Info.plist;
				IPHONEOS_DEPLOYMENT_TARGET = 9.2;
				LD_RUNPATH_SEARCH_PATHS = "$(inherited) @executable_path/Frameworks @executable_path/../../Frameworks";
				PRODUCT_BUNDLE_IDENTIFIER = me.alirezak.gpkeyboard.Keyboards;
				PRODUCT_NAME = "$(TARGET_NAME)";
				SKIP_INSTALL = YES;
				SWIFT_VERSION = 3.0;
			};
			name = Release;
		};
/* End XCBuildConfiguration section */

/* Begin XCConfigurationList section */
		4502B6741D90450100E2356B /* Build configuration list for PBXProject "GPkey" */ = {
			isa = XCConfigurationList;
			buildConfigurations = (
				4502B69F1D90450200E2356B /* Debug */,
				4502B6A01D90450200E2356B /* Release */,
			);
			defaultConfigurationIsVisible = 0;
			defaultConfigurationName = Release;
		};
		4502B6A11D90450200E2356B /* Build configuration list for PBXNativeTarget "GPkey" */ = {
			isa = XCConfigurationList;
			buildConfigurations = (
				4502B6A21D90450200E2356B /* Debug */,
				4502B6A31D90450200E2356B /* Release */,
			);
			defaultConfigurationIsVisible = 0;
			defaultConfigurationName = Release;
		};
		4502B6A41D90450200E2356B /* Build configuration list for PBXNativeTarget "GPkeyTests" */ = {
			isa = XCConfigurationList;
			buildConfigurations = (
				4502B6A51D90450200E2356B /* Debug */,
				4502B6A61D90450200E2356B /* Release */,
			);
			defaultConfigurationIsVisible = 0;
			defaultConfigurationName = Release;
		};
		4502B6A71D90450200E2356B /* Build configuration list for PBXNativeTarget "GPkeyUITests" */ = {
			isa = XCConfigurationList;
			buildConfigurations = (
				4502B6A81D90450200E2356B /* Debug */,
				4502B6A91D90450200E2356B /* Release */,
			);
			defaultConfigurationIsVisible = 0;
			defaultConfigurationName = Release;
		};
		4502B6B61D90455300E2356B /* Build configuration list for PBXNativeTarget "GPKeyboard" */ = {
			isa = XCConfigurationList;
			buildConfigurations = (
				4502B6B71D90455300E2356B /* Debug */,
				4502B6B81D90455300E2356B /* Release */,
			);
			defaultConfigurationIsVisible = 0;
			defaultConfigurationName = Release;
		};
/* End XCConfigurationList section */
	};
	rootObject = 4502B6711D90450100E2356B /* Project object */;
}
